
Microsoft Visual Studio Solution File, Format Version 12.00
Project("{FAE04EC0-301F-11D3-BF4B-00C04F79EFBC}") = "ProtoEventHubSender", "ProtoEventHubSender\ProtoEventHubSender.csproj", "{B92691F9-4308-4B6A-8B59-86C5B0E5A3C8}"
EndProject
Global
	GlobalSection(SolutionConfigurationPlatforms) = preSolution
		Debug|Any CPU = Debug|Any CPU
		Release|Any CPU = Release|Any CPU
	EndGlobalSection
	GlobalSection(ProjectConfigurationPlatforms) = postSolution
		{B92691F9-4308-4B6A-8B59-86C5B0E5A3C8}.Debug|Any CPU.ActiveCfg = Debug|Any CPU
		{B92691F9-4308-4B6A-8B59-86C5B0E5A3C8}.Debug|Any CPU.Build.0 = Debug|Any CPU
		{B92691F9-4308-4B6A-8B59-86C5B0E5A3C8}.Release|Any CPU.ActiveCfg = Release|Any CPU
		{B92691F9-4308-4B6A-8B59-86C5B0E5A3C8}.Release|Any CPU.Build.0 = Release|Any CPU
	EndGlobalSection
EndGlobal
